
Microsoft Visual Studio Solution File, Format Version 12.00
# Visual Studio Version 17
VisualStudioVersion = 17.9.34723.18
MinimumVisualStudioVersion = 10.0.40219.1
Project("{9A19103F-16F7-4668-BE54-9A1E7A4F7556}") = "yuapi.Api", "src\yuapi.Api\yuapi.Api.csproj", "{D5B0F562-A6E4-4035-A8F3-569AE96A5C49}"
EndProject
Project("{9A19103F-16F7-4668-BE54-9A1E7A4F7556}") = "yuapi.Application", "src\yuapi.Application\yuapi.Application.csproj", "{B0D46CC0-75CE-4E14-80F7-C24659D6CA2A}"
EndProject
Project("{9A19103F-16F7-4668-BE54-9A1E7A4F7556}") = "yuapi.Contracts", "src\yuapi.Contracts\yuapi.Contracts.csproj", "{244D2970-12A4-4455-A227-45A259694EB4}"
EndProject
Project("{9A19103F-16F7-4668-BE54-9A1E7A4F7556}") = "yuapi.Infrastructure", "src\yuapi.Infrastructure\yuapi.Infrastructure.csproj", "{F77CF5A2-23F1-4A1E-9AAE-E3B7815CBEF5}"
EndProject
Project("{9A19103F-16F7-4668-BE54-9A1E7A4F7556}") = "yuapi.Domain", "src\yuapi.Domain\yuapi.Domain.csproj", "{23F50EED-21D3-4304-A7A0-BD0C1458F22F}"
EndProject
Project("{9A19103F-16F7-4668-BE54-9A1E7A4F7556}") = "yuapi-client-sdk", "yuapi-interface\yuapi-client-sdk\yuapi-client-sdk.csproj", "{23F50EED-21D3-4304-A7A0-BD0C1458F22D}"
EndProject
Project("{9A19103F-16F7-4668-BE54-9A1E7A4F7556}") = "yuapi-interface", "yuapi-interface\yuapi-interface\yuapi-interface.csproj", "{23F50EED-21D3-4304-A7A0-BD0C1458F22A}"
EndProject
Project("{2150E333-8FDC-42A3-9474-1A3956D46DE8}") = "todo", "todo", "{D615B261-1733-41D6-A275-1ED4FAC80745}"
	ProjectSection(SolutionItems) = preProject
		todo.md = todo.md
	EndProjectSection
EndProject
Project("{FAE04EC0-301F-11D3-BF4B-00C04F79EFBC}") = "yuapi.RPC.InvokeCountService", "yuapi.RPC.InvokeCountService\yuapi.RPC.InvokeCountService.csproj", "{44843C23-F237-44C0-9AD8-0B072B66D2A3}"
EndProject
Global
	GlobalSection(SolutionConfigurationPlatforms) = preSolution
		Debug|Any CPU = Debug|Any CPU
		Release|Any CPU = Release|Any CPU
	EndGlobalSection
	GlobalSection(ProjectConfigurationPlatforms) = postSolution
		{D5B0F562-A6E4-4035-A8F3-569AE96A5C49}.Debug|Any CPU.ActiveCfg = Debug|Any CPU
		{D5B0F562-A6E4-4035-A8F3-569AE96A5C49}.Debug|Any CPU.Build.0 = Debug|Any CPU
		{D5B0F562-A6E4-4035-A8F3-569AE96A5C49}.Release|Any CPU.ActiveCfg = Release|Any CPU
		{D5B0F562-A6E4-4035-A8F3-569AE96A5C49}.Release|Any CPU.Build.0 = Release|Any CPU
		{B0D46CC0-75CE-4E14-80F7-C24659D6CA2A}.Debug|Any CPU.ActiveCfg = Debug|Any CPU
		{B0D46CC0-75CE-4E14-80F7-C24659D6CA2A}.Debug|Any CPU.Build.0 = Debug|Any CPU
		{B0D46CC0-75CE-4E14-80F7-C24659D6CA2A}.Release|Any CPU.ActiveCfg = Release|Any CPU
		{B0D46CC0-75CE-4E14-80F7-C24659D6CA2A}.Release|Any CPU.Build.0 = Release|Any CPU
		{244D2970-12A4-4455-A227-45A259694EB4}.Debug|Any CPU.ActiveCfg = Debug|Any CPU
		{244D2970-12A4-4455-A227-45A259694EB4}.Debug|Any CPU.Build.0 = Debug|Any CPU
		{244D2970-12A4-4455-A227-45A259694EB4}.Release|Any CPU.ActiveCfg = Release|Any CPU
		{244D2970-12A4-4455-A227-45A259694EB4}.Release|Any CPU.Build.0 = Release|Any CPU
		{F77CF5A2-23F1-4A1E-9AAE-E3B7815CBEF5}.Debug|Any CPU.ActiveCfg = Debug|Any CPU
		{F77CF5A2-23F1-4A1E-9AAE-E3B7815CBEF5}.Debug|Any CPU.Build.0 = Debug|Any CPU
		{F77CF5A2-23F1-4A1E-9AAE-E3B7815CBEF5}.Release|Any CPU.ActiveCfg = Release|Any CPU
		{F77CF5A2-23F1-4A1E-9AAE-E3B7815CBEF5}.Release|Any CPU.Build.0 = Release|Any CPU
		{23F50EED-21D3-4304-A7A0-BD0C1458F22F}.Debug|Any CPU.ActiveCfg = Debug|Any CPU
		{23F50EED-21D3-4304-A7A0-BD0C1458F22F}.Debug|Any CPU.Build.0 = Debug|Any CPU
		{23F50EED-21D3-4304-A7A0-BD0C1458F22F}.Release|Any CPU.ActiveCfg = Release|Any CPU
		{23F50EED-21D3-4304-A7A0-BD0C1458F22F}.Release|Any CPU.Build.0 = Release|Any CPU
		{23F50EED-21D3-4304-A7A0-BD0C1458F22D}.Debug|Any CPU.ActiveCfg = Debug|Any CPU
		{23F50EED-21D3-4304-A7A0-BD0C1458F22D}.Debug|Any CPU.Build.0 = Debug|Any CPU
		{23F50EED-21D3-4304-A7A0-BD0C1458F22D}.Release|Any CPU.ActiveCfg = Release|Any CPU
		{23F50EED-21D3-4304-A7A0-BD0C1458F22D}.Release|Any CPU.Build.0 = Release|Any CPU
		{23F50EED-21D3-4304-A7A0-BD0C1458F22A}.Debug|Any CPU.ActiveCfg = Debug|Any CPU
		{23F50EED-21D3-4304-A7A0-BD0C1458F22A}.Debug|Any CPU.Build.0 = Debug|Any CPU
		{23F50EED-21D3-4304-A7A0-BD0C1458F22A}.Release|Any CPU.ActiveCfg = Release|Any CPU
		{23F50EED-21D3-4304-A7A0-BD0C1458F22A}.Release|Any CPU.Build.0 = Release|Any CPU
		{44843C23-F237-44C0-9AD8-0B072B66D2A3}.Debug|Any CPU.ActiveCfg = Debug|Any CPU
		{44843C23-F237-44C0-9AD8-0B072B66D2A3}.Debug|Any CPU.Build.0 = Debug|Any CPU
		{44843C23-F237-44C0-9AD8-0B072B66D2A3}.Release|Any CPU.ActiveCfg = Release|Any CPU
		{44843C23-F237-44C0-9AD8-0B072B66D2A3}.Release|Any CPU.Build.0 = Release|Any CPU
	EndGlobalSection
	GlobalSection(SolutionProperties) = preSolution
		HideSolutionNode = FALSE
	EndGlobalSection
	GlobalSection(ExtensibilityGlobals) = postSolution
		SolutionGuid = {2631B93A-1C41-446C-A53F-35EA02000948}
	EndGlobalSection
EndGlobal
